<?xml version="1.0" encoding="utf-8"?>
<Project ToolsVersion="4.0" xmlns="http://schemas.microsoft.com/developer/msbuild/2003">
  <ItemGroup>
    <Filter Include="Utils">
      <UniqueIdentifier>{1891ab15-b1fc-4a29-8106-5eceaf8cbccf}</UniqueIdentifier>
    </Filter>
    <Filter Include="Server">
      <UniqueIdentifier>{db49dd38-20be-4467-aaad-818cb7e8661c}</UniqueIdentifier>
    </Filter>
  </ItemGroup>
  <ItemGroup>
    <ClInclude Include="pch.h">
      <Filter>Utils</Filter>
    </ClInclude>
    <ClInclude Include="Buffer.h">
      <Filter>Server</Filter>
    </ClInclude>
    <ClInclude Include="IocpCore.h">
      <Filter>Server</Filter>
    </ClInclude>
    <ClInclude Include="Session.h">
      <Filter>Server</Filter>
    </ClInclude>
    <ClInclude Include="ThreadManager.h">
      <Filter>Server</Filter>
    </ClInclude>
    <ClInclude Include="Types.h">
      <Filter>Utils</Filter>
    </ClInclude>
    <ClInclude Include="ServerPch.h">
      <Filter>Utils</Filter>
    </ClInclude>
    <ClInclude Include="Defines.h">
      <Filter>Utils</Filter>
    </ClInclude>
    <ClInclude Include="Listener.h">
      <Filter>Server</Filter>
    </ClInclude>
    <ClInclude Include="ObjectPool.h">
      <Filter>Utils</Filter>
    </ClInclude>
    <ClInclude Include="ReadWriteLock.h">
      <Filter>Utils</Filter>
    </ClInclude>
    <ClInclude Include="CoreGlobal.h" />
  </ItemGroup>
  <ItemGroup>
    <ClCompile Include="pch.cpp">
      <Filter>Utils</Filter>
    </ClCompile>
    <ClCompile Include="Buffer.cpp">
      <Filter>Server</Filter>
    </ClCompile>
    <ClCompile Include="IocpCore.cpp">
      <Filter>Server</Filter>
    </ClCompile>
    <ClCompile Include="Session.cpp">
      <Filter>Server</Filter>
    </ClCompile>
    <ClCompile Include="ThreadManager.cpp">
      <Filter>Server</Filter>
    </ClCompile>
    <ClCompile Include="ServerPch.cpp">
      <Filter>Utils</Filter>
    </ClCompile>
    <ClCompile Include="Listener.cpp">
      <Filter>Server</Filter>
    </ClCompile>
    <ClCompile Include="ObjectPool.cpp">
      <Filter>Utils</Filter>
    </ClCompile>
    <ClCompile Include="ReadWriteLock.cpp">
      <Filter>Utils</Filter>
    </ClCompile>
    <ClCompile Include="CoreGlobal.cpp" />
  </ItemGroup>
</Project>