
Microsoft Visual Studio Solution File, Format Version 12.00
# Visual Studio Version 17
VisualStudioVersion = 17.11.35327.3
MinimumVisualStudioVersion = 10.0.40219.1
Project("{8BC9CEB8-8B4A-11D0-8D11-00A0C91BC942}") = "Server", "Server\Server.vcxproj", "{C253FB50-1DC5-4837-B445-D1683116C05A}"
EndProject
Project("{8BC9CEB8-8B4A-11D0-8D11-00A0C91BC942}") = "DummyClient", "DummyClient\DummyClient.vcxproj", "{A0136633-DA8A-4343-AF00-BAB69395533D}"
EndProject
Project("{8BC9CEB8-8B4A-11D0-8D11-00A0C91BC942}") = "ServerBase", "ServerBase\ServerBase.vcxproj", "{F0206019-49F2-40DF-A16A-73C8A62D43DE}"
EndProject
Global
	GlobalSection(SolutionConfigurationPlatforms) = preSolution
		Debug|x64 = Debug|x64
		Debug|x86 = Debug|x86
		Release|x64 = Release|x64
		Release|x86 = Release|x86
	EndGlobalSection
	GlobalSection(ProjectConfigurationPlatforms) = postSolution
		{C253FB50-1DC5-4837-B445-D1683116C05A}.Debug|x64.ActiveCfg = Debug|x64
		{C253FB50-1DC5-4837-B445-D1683116C05A}.Debug|x64.Build.0 = Debug|x64
		{C253FB50-1DC5-4837-B445-D1683116C05A}.Debug|x86.ActiveCfg = Debug|Win32
		{C253FB50-1DC5-4837-B445-D1683116C05A}.Debug|x86.Build.0 = Debug|Win32
		{C253FB50-1DC5-4837-B445-D1683116C05A}.Release|x64.ActiveCfg = Release|x64
		{C253FB50-1DC5-4837-B445-D1683116C05A}.Release|x64.Build.0 = Release|x64
		{C253FB50-1DC5-4837-B445-D1683116C05A}.Release|x86.ActiveCfg = Release|Win32
		{C253FB50-1DC5-4837-B445-D1683116C05A}.Release|x86.Build.0 = Release|Win32
		{A0136633-DA8A-4343-AF00-BAB69395533D}.Debug|x64.ActiveCfg = Debug|x64
		{A0136633-DA8A-4343-AF00-BAB69395533D}.Debug|x64.Build.0 = Debug|x64
		{A0136633-DA8A-4343-AF00-BAB69395533D}.Debug|x86.ActiveCfg = Debug|Win32
		{A0136633-DA8A-4343-AF00-BAB69395533D}.Debug|x86.Build.0 = Debug|Win32
		{A0136633-DA8A-4343-AF00-BAB69395533D}.Release|x64.ActiveCfg = Release|x64
		{A0136633-DA8A-4343-AF00-BAB69395533D}.Release|x64.Build.0 = Release|x64
		{A0136633-DA8A-4343-AF00-BAB69395533D}.Release|x86.ActiveCfg = Release|Win32
		{A0136633-DA8A-4343-AF00-BAB69395533D}.Release|x86.Build.0 = Release|Win32
		{F0206019-49F2-40DF-A16A-73C8A62D43DE}.Debug|x64.ActiveCfg = Debug|x64
		{F0206019-49F2-40DF-A16A-73C8A62D43DE}.Debug|x64.Build.0 = Debug|x64
		{F0206019-49F2-40DF-A16A-73C8A62D43DE}.Debug|x86.ActiveCfg = Debug|Win32
		{F0206019-49F2-40DF-A16A-73C8A62D43DE}.Debug|x86.Build.0 = Debug|Win32
		{F0206019-49F2-40DF-A16A-73C8A62D43DE}.Release|x64.ActiveCfg = Release|x64
		{F0206019-49F2-40DF-A16A-73C8A62D43DE}.Release|x64.Build.0 = Release|x64
		{F0206019-49F2-40DF-A16A-73C8A62D43DE}.Release|x86.ActiveCfg = Release|Win32
		{F0206019-49F2-40DF-A16A-73C8A62D43DE}.Release|x86.Build.0 = Release|Win32
	EndGlobalSection
	GlobalSection(SolutionProperties) = preSolution
		HideSolutionNode = FALSE
	EndGlobalSection
	GlobalSection(ExtensibilityGlobals) = postSolution
		SolutionGuid = {309722C6-E7F3-4EBB-B591-7C15536F964F}
	EndGlobalSection
EndGlobal
